
Microsoft Visual Studio Solution File, Format Version 12.00
# Visual Studio Version 17
VisualStudioVersion = 17.11.35303.130
MinimumVisualStudioVersion = 10.0.40219.1
Project("{FAE04EC0-301F-11D3-BF4B-00C04F79EFBC}") = "3", "3\3.csproj", "{FB24D2FE-6F09-4379-BD50-3F25E89BD8C7}"
EndProject
Project("{FAE04EC0-301F-11D3-BF4B-00C04F79EFBC}") = "1", "1\1.csproj", "{5EA9456A-83AF-4FB5-A3C3-5A9E261B26ED}"
EndProject
Project("{FAE04EC0-301F-11D3-BF4B-00C04F79EFBC}") = "2", "2\2.csproj", "{137AECF3-5366-46D1-9A95-0270DB2348A8}"
EndProject
Project("{FAE04EC0-301F-11D3-BF4B-00C04F79EFBC}") = "4", "4\4.csproj", "{BC1D3D6F-A9E5-4DAD-9C90-BEC8634CBE27}"
EndProject
Project("{FAE04EC0-301F-11D3-BF4B-00C04F79EFBC}") = "5", "5\5.csproj", "{B68EFA95-39EB-4F8C-868A-41C64AB65935}"
EndProject
Project("{FAE04EC0-301F-11D3-BF4B-00C04F79EFBC}") = "6", "6\6.csproj", "{285FA156-C340-4369-A1A8-880112530673}"
EndProject
Project("{FAE04EC0-301F-11D3-BF4B-00C04F79EFBC}") = "7", "7\7.csproj", "{A6123038-51C7-4A2F-8D07-E856895FDAC3}"
EndProject
Project("{FAE04EC0-301F-11D3-BF4B-00C04F79EFBC}") = "8", "8\8.csproj", "{2A1A42EC-1D96-4B52-B575-B4E1775D9659}"
EndProject
Project("{FAE04EC0-301F-11D3-BF4B-00C04F79EFBC}") = "9", "9\9.csproj", "{6FD13E4F-FEB8-4AD2-9741-F272ADE1AFDD}"
EndProject
Global
	GlobalSection(SolutionConfigurationPlatforms) = preSolution
		Debug|Any CPU = Debug|Any CPU
		Release|Any CPU = Release|Any CPU
	EndGlobalSection
	GlobalSection(ProjectConfigurationPlatforms) = postSolution
		{FB24D2FE-6F09-4379-BD50-3F25E89BD8C7}.Debug|Any CPU.ActiveCfg = Debug|Any CPU
		{FB24D2FE-6F09-4379-BD50-3F25E89BD8C7}.Debug|Any CPU.Build.0 = Debug|Any CPU
		{FB24D2FE-6F09-4379-BD50-3F25E89BD8C7}.Release|Any CPU.ActiveCfg = Release|Any CPU
		{FB24D2FE-6F09-4379-BD50-3F25E89BD8C7}.Release|Any CPU.Build.0 = Release|Any CPU
		{5EA9456A-83AF-4FB5-A3C3-5A9E261B26ED}.Debug|Any CPU.ActiveCfg = Debug|Any CPU
		{5EA9456A-83AF-4FB5-A3C3-5A9E261B26ED}.Debug|Any CPU.Build.0 = Debug|Any CPU
		{5EA9456A-83AF-4FB5-A3C3-5A9E261B26ED}.Release|Any CPU.ActiveCfg = Release|Any CPU
		{5EA9456A-83AF-4FB5-A3C3-5A9E261B26ED}.Release|Any CPU.Build.0 = Release|Any CPU
		{137AECF3-5366-46D1-9A95-0270DB2348A8}.Debug|Any CPU.ActiveCfg = Debug|Any CPU
		{137AECF3-5366-46D1-9A95-0270DB2348A8}.Debug|Any CPU.Build.0 = Debug|Any CPU
		{137AECF3-5366-46D1-9A95-0270DB2348A8}.Release|Any CPU.ActiveCfg = Release|Any CPU
		{137AECF3-5366-46D1-9A95-0270DB2348A8}.Release|Any CPU.Build.0 = Release|Any CPU
		{BC1D3D6F-A9E5-4DAD-9C90-BEC8634CBE27}.Debug|Any CPU.ActiveCfg = Debug|Any CPU
		{BC1D3D6F-A9E5-4DAD-9C90-BEC8634CBE27}.Debug|Any CPU.Build.0 = Debug|Any CPU
		{BC1D3D6F-A9E5-4DAD-9C90-BEC8634CBE27}.Release|Any CPU.ActiveCfg = Release|Any CPU
		{BC1D3D6F-A9E5-4DAD-9C90-BEC8634CBE27}.Release|Any CPU.Build.0 = Release|Any CPU
		{B68EFA95-39EB-4F8C-868A-41C64AB65935}.Debug|Any CPU.ActiveCfg = Debug|Any CPU
		{B68EFA95-39EB-4F8C-868A-41C64AB65935}.Debug|Any CPU.Build.0 = Debug|Any CPU
		{B68EFA95-39EB-4F8C-868A-41C64AB65935}.Release|Any CPU.ActiveCfg = Release|Any CPU
		{B68EFA95-39EB-4F8C-868A-41C64AB65935}.Release|Any CPU.Build.0 = Release|Any CPU
		{285FA156-C340-4369-A1A8-880112530673}.Debug|Any CPU.ActiveCfg = Debug|Any CPU
		{285FA156-C340-4369-A1A8-880112530673}.Debug|Any CPU.Build.0 = Debug|Any CPU
		{285FA156-C340-4369-A1A8-880112530673}.Release|Any CPU.ActiveCfg = Release|Any CPU
		{285FA156-C340-4369-A1A8-880112530673}.Release|Any CPU.Build.0 = Release|Any CPU
		{A6123038-51C7-4A2F-8D07-E856895FDAC3}.Debug|Any CPU.ActiveCfg = Debug|Any CPU
		{A6123038-51C7-4A2F-8D07-E856895FDAC3}.Debug|Any CPU.Build.0 = Debug|Any CPU
		{A6123038-51C7-4A2F-8D07-E856895FDAC3}.Release|Any CPU.ActiveCfg = Release|Any CPU
		{A6123038-51C7-4A2F-8D07-E856895FDAC3}.Release|Any CPU.Build.0 = Release|Any CPU
		{2A1A42EC-1D96-4B52-B575-B4E1775D9659}.Debug|Any CPU.ActiveCfg = Debug|Any CPU
		{2A1A42EC-1D96-4B52-B575-B4E1775D9659}.Debug|Any CPU.Build.0 = Debug|Any CPU
		{2A1A42EC-1D96-4B52-B575-B4E1775D9659}.Release|Any CPU.ActiveCfg = Release|Any CPU
		{2A1A42EC-1D96-4B52-B575-B4E1775D9659}.Release|Any CPU.Build.0 = Release|Any CPU
		{6FD13E4F-FEB8-4AD2-9741-F272ADE1AFDD}.Debug|Any CPU.ActiveCfg = Debug|Any CPU
		{6FD13E4F-FEB8-4AD2-9741-F272ADE1AFDD}.Debug|Any CPU.Build.0 = Debug|Any CPU
		{6FD13E4F-FEB8-4AD2-9741-F272ADE1AFDD}.Release|Any CPU.ActiveCfg = Release|Any CPU
		{6FD13E4F-FEB8-4AD2-9741-F272ADE1AFDD}.Release|Any CPU.Build.0 = Release|Any CPU
	EndGlobalSection
	GlobalSection(SolutionProperties) = preSolution
		HideSolutionNode = FALSE
	EndGlobalSection
	GlobalSection(ExtensibilityGlobals) = postSolution
		SolutionGuid = {32B7CD64-A8C9-45E2-84FA-13647D4DC5D2}
	EndGlobalSection
EndGlobal
