
Microsoft Visual Studio Solution File, Format Version 12.00
# Visual Studio Version 17
VisualStudioVersion = 17.11.35303.130
MinimumVisualStudioVersion = 10.0.40219.1
Project("{FAE04EC0-301F-11D3-BF4B-00C04F79EFBC}") = "Task1", "Task1\Task1.csproj", "{5B8A8766-B970-41B3-A457-8AFD416F6D1B}"
EndProject
Project("{FAE04EC0-301F-11D3-BF4B-00C04F79EFBC}") = "Task2", "Task2\Task2.csproj", "{9340BC8D-FB6A-4ED4-92B7-41D7C68C647A}"
EndProject
Project("{FAE04EC0-301F-11D3-BF4B-00C04F79EFBC}") = "Task3", "Task3\Task3.csproj", "{953FD0A9-DFB8-4C8D-8BDF-4386BF084AFF}"
EndProject
Global
	GlobalSection(SolutionConfigurationPlatforms) = preSolution
		Debug|Any CPU = Debug|Any CPU
		Release|Any CPU = Release|Any CPU
	EndGlobalSection
	GlobalSection(ProjectConfigurationPlatforms) = postSolution
		{5B8A8766-B970-41B3-A457-8AFD416F6D1B}.Debug|Any CPU.ActiveCfg = Debug|Any CPU
		{5B8A8766-B970-41B3-A457-8AFD416F6D1B}.Debug|Any CPU.Build.0 = Debug|Any CPU
		{5B8A8766-B970-41B3-A457-8AFD416F6D1B}.Release|Any CPU.ActiveCfg = Release|Any CPU
		{5B8A8766-B970-41B3-A457-8AFD416F6D1B}.Release|Any CPU.Build.0 = Release|Any CPU
		{9340BC8D-FB6A-4ED4-92B7-41D7C68C647A}.Debug|Any CPU.ActiveCfg = Debug|Any CPU
		{9340BC8D-FB6A-4ED4-92B7-41D7C68C647A}.Debug|Any CPU.Build.0 = Debug|Any CPU
		{9340BC8D-FB6A-4ED4-92B7-41D7C68C647A}.Release|Any CPU.ActiveCfg = Release|Any CPU
		{9340BC8D-FB6A-4ED4-92B7-41D7C68C647A}.Release|Any CPU.Build.0 = Release|Any CPU
		{953FD0A9-DFB8-4C8D-8BDF-4386BF084AFF}.Debug|Any CPU.ActiveCfg = Debug|Any CPU
		{953FD0A9-DFB8-4C8D-8BDF-4386BF084AFF}.Debug|Any CPU.Build.0 = Debug|Any CPU
		{953FD0A9-DFB8-4C8D-8BDF-4386BF084AFF}.Release|Any CPU.ActiveCfg = Release|Any CPU
		{953FD0A9-DFB8-4C8D-8BDF-4386BF084AFF}.Release|Any CPU.Build.0 = Release|Any CPU
	EndGlobalSection
	GlobalSection(SolutionProperties) = preSolution
		HideSolutionNode = FALSE
	EndGlobalSection
	GlobalSection(ExtensibilityGlobals) = postSolution
		SolutionGuid = {ED7B0DC6-C7C1-45CB-A996-0204AA9F9047}
	EndGlobalSection
EndGlobal
