
Microsoft Visual Studio Solution File, Format Version 12.00
# Visual Studio Version 17
VisualStudioVersion = 17.11.35303.130
MinimumVisualStudioVersion = 10.0.40219.1
Project("{FAE04EC0-301F-11D3-BF4B-00C04F79EFBC}") = "WpfApp1", "WpfApp1\WpfApp1.csproj", "{D2944960-1422-45AE-91A1-95F80CFBA7EE}"
EndProject
Global
	GlobalSection(SolutionConfigurationPlatforms) = preSolution
		Debug|Any CPU = Debug|Any CPU
		Release|Any CPU = Release|Any CPU
	EndGlobalSection
	GlobalSection(ProjectConfigurationPlatforms) = postSolution
		{D2944960-1422-45AE-91A1-95F80CFBA7EE}.Debug|Any CPU.ActiveCfg = Debug|Any CPU
		{D2944960-1422-45AE-91A1-95F80CFBA7EE}.Debug|Any CPU.Build.0 = Debug|Any CPU
		{D2944960-1422-45AE-91A1-95F80CFBA7EE}.Release|Any CPU.ActiveCfg = Release|Any CPU
		{D2944960-1422-45AE-91A1-95F80CFBA7EE}.Release|Any CPU.Build.0 = Release|Any CPU
	EndGlobalSection
	GlobalSection(SolutionProperties) = preSolution
		HideSolutionNode = FALSE
	EndGlobalSection
	GlobalSection(ExtensibilityGlobals) = postSolution
		SolutionGuid = {A0DDA348-22DD-474A-9E97-AB6257192169}
	EndGlobalSection
EndGlobal
